
Microsoft Visual Studio Solution File, Format Version 12.00
# Visual Studio Version 17
VisualStudioVersion = 17.8.34322.80
MinimumVisualStudioVersion = 10.0.40219.1
Project("{9A19103F-16F7-4668-BE54-9A1E7A4F7556}") = "Client", "Client\Client.csproj", "{36F67A47-373C-4CAA-9D72-F39558335D4E}"
EndProject
Project("{9A19103F-16F7-4668-BE54-9A1E7A4F7556}") = "QColonFrame", "QColonFrame\QColonFrame.csproj", "{C83AE2FF-6FB4-429D-B107-633C66A6FBE0}"
EndProject
Project("{9A19103F-16F7-4668-BE54-9A1E7A4F7556}") = "DungeonFrame", "DungeonFrame\DungeonFrame.csproj", "{BF72D0D7-2FE9-4B77-A5BA-46A5D4E40BFB}"
EndProject
Project("{9A19103F-16F7-4668-BE54-9A1E7A4F7556}") = "NoiseImager", "NoiseImager\NoiseImager.csproj", "{CA239A21-E037-4E22-97B9-5A9726ED5A71}"
EndProject
Project("{9A19103F-16F7-4668-BE54-9A1E7A4F7556}") = "QColonUtils", "QColonUtils\QColonUtils.csproj", "{A77CB654-5762-45FB-9D41-6C2B3CA32570}"
EndProject
Project("{9A19103F-16F7-4668-BE54-9A1E7A4F7556}") = "Dummy", "Dummy\Dummy.csproj", "{5706A3ED-286B-4D8F-B24D-A262D34002C0}"
EndProject
Project("{9A19103F-16F7-4668-BE54-9A1E7A4F7556}") = "MapMaker", "MapMaker\MapMaker.csproj", "{863C9C51-BD53-4F1F-9B52-216B840C1507}"
EndProject
Project("{9A19103F-16F7-4668-BE54-9A1E7A4F7556}") = "UEyeFrame", "UEyeFrame\UEyeFrame.csproj", "{A67CF09C-4B5E-4F76-A9BC-93302DE38344}"
EndProject
Project("{FAE04EC0-301F-11D3-BF4B-00C04F79EFBC}") = "DungeonClient", "DungeonClient\DungeonClient.csproj", "{ADB737AD-AE45-4DB8-9206-2E67DDF90E41}"
EndProject
Global
	GlobalSection(SolutionConfigurationPlatforms) = preSolution
		Debug|Any CPU = Debug|Any CPU
		Release|Any CPU = Release|Any CPU
	EndGlobalSection
	GlobalSection(ProjectConfigurationPlatforms) = postSolution
		{36F67A47-373C-4CAA-9D72-F39558335D4E}.Debug|Any CPU.ActiveCfg = Debug|Any CPU
		{36F67A47-373C-4CAA-9D72-F39558335D4E}.Debug|Any CPU.Build.0 = Debug|Any CPU
		{36F67A47-373C-4CAA-9D72-F39558335D4E}.Release|Any CPU.ActiveCfg = Release|Any CPU
		{36F67A47-373C-4CAA-9D72-F39558335D4E}.Release|Any CPU.Build.0 = Release|Any CPU
		{C83AE2FF-6FB4-429D-B107-633C66A6FBE0}.Debug|Any CPU.ActiveCfg = Debug|Any CPU
		{C83AE2FF-6FB4-429D-B107-633C66A6FBE0}.Debug|Any CPU.Build.0 = Debug|Any CPU
		{C83AE2FF-6FB4-429D-B107-633C66A6FBE0}.Release|Any CPU.ActiveCfg = Release|Any CPU
		{C83AE2FF-6FB4-429D-B107-633C66A6FBE0}.Release|Any CPU.Build.0 = Release|Any CPU
		{BF72D0D7-2FE9-4B77-A5BA-46A5D4E40BFB}.Debug|Any CPU.ActiveCfg = Debug|Any CPU
		{BF72D0D7-2FE9-4B77-A5BA-46A5D4E40BFB}.Debug|Any CPU.Build.0 = Debug|Any CPU
		{BF72D0D7-2FE9-4B77-A5BA-46A5D4E40BFB}.Release|Any CPU.ActiveCfg = Release|Any CPU
		{BF72D0D7-2FE9-4B77-A5BA-46A5D4E40BFB}.Release|Any CPU.Build.0 = Release|Any CPU
		{CA239A21-E037-4E22-97B9-5A9726ED5A71}.Debug|Any CPU.ActiveCfg = Debug|Any CPU
		{CA239A21-E037-4E22-97B9-5A9726ED5A71}.Debug|Any CPU.Build.0 = Debug|Any CPU
		{CA239A21-E037-4E22-97B9-5A9726ED5A71}.Release|Any CPU.ActiveCfg = Release|Any CPU
		{CA239A21-E037-4E22-97B9-5A9726ED5A71}.Release|Any CPU.Build.0 = Release|Any CPU
		{A77CB654-5762-45FB-9D41-6C2B3CA32570}.Debug|Any CPU.ActiveCfg = Debug|Any CPU
		{A77CB654-5762-45FB-9D41-6C2B3CA32570}.Debug|Any CPU.Build.0 = Debug|Any CPU
		{A77CB654-5762-45FB-9D41-6C2B3CA32570}.Release|Any CPU.ActiveCfg = Release|Any CPU
		{A77CB654-5762-45FB-9D41-6C2B3CA32570}.Release|Any CPU.Build.0 = Release|Any CPU
		{5706A3ED-286B-4D8F-B24D-A262D34002C0}.Debug|Any CPU.ActiveCfg = Debug|Any CPU
		{5706A3ED-286B-4D8F-B24D-A262D34002C0}.Debug|Any CPU.Build.0 = Debug|Any CPU
		{5706A3ED-286B-4D8F-B24D-A262D34002C0}.Release|Any CPU.ActiveCfg = Release|Any CPU
		{5706A3ED-286B-4D8F-B24D-A262D34002C0}.Release|Any CPU.Build.0 = Release|Any CPU
		{863C9C51-BD53-4F1F-9B52-216B840C1507}.Debug|Any CPU.ActiveCfg = Debug|Any CPU
		{863C9C51-BD53-4F1F-9B52-216B840C1507}.Debug|Any CPU.Build.0 = Debug|Any CPU
		{863C9C51-BD53-4F1F-9B52-216B840C1507}.Release|Any CPU.ActiveCfg = Release|Any CPU
		{863C9C51-BD53-4F1F-9B52-216B840C1507}.Release|Any CPU.Build.0 = Release|Any CPU
		{A67CF09C-4B5E-4F76-A9BC-93302DE38344}.Debug|Any CPU.ActiveCfg = Debug|Any CPU
		{A67CF09C-4B5E-4F76-A9BC-93302DE38344}.Debug|Any CPU.Build.0 = Debug|Any CPU
		{A67CF09C-4B5E-4F76-A9BC-93302DE38344}.Release|Any CPU.ActiveCfg = Release|Any CPU
		{A67CF09C-4B5E-4F76-A9BC-93302DE38344}.Release|Any CPU.Build.0 = Release|Any CPU
		{ADB737AD-AE45-4DB8-9206-2E67DDF90E41}.Debug|Any CPU.ActiveCfg = Debug|Any CPU
		{ADB737AD-AE45-4DB8-9206-2E67DDF90E41}.Debug|Any CPU.Build.0 = Debug|Any CPU
		{ADB737AD-AE45-4DB8-9206-2E67DDF90E41}.Release|Any CPU.ActiveCfg = Release|Any CPU
		{ADB737AD-AE45-4DB8-9206-2E67DDF90E41}.Release|Any CPU.Build.0 = Release|Any CPU
	EndGlobalSection
	GlobalSection(SolutionProperties) = preSolution
		HideSolutionNode = FALSE
	EndGlobalSection
	GlobalSection(ExtensibilityGlobals) = postSolution
		SolutionGuid = {18D09B5F-795A-41BA-96C1-8CC407CA2034}
	EndGlobalSection
EndGlobal
